
Microsoft Visual Studio Solution File, Format Version 12.00
# Visual Studio Version 17
VisualStudioVersion = 17.0.32126.317
MinimumVisualStudioVersion = 10.0.40219.1
Project("{8BC9CEB8-8B4A-11D0-8D11-00A0C91BC942}") = "Q1_solution", "Q1_solution\Q1_solution.vcxproj", "{DA257E06-7D4A-4A22-A4A7-4DDB41D75390}"
EndProject
Project("{8BC9CEB8-8B4A-11D0-8D11-00A0C91BC942}") = "Q3_solution", "Q3_solution\Q3_solution.vcxproj", "{E231F1C7-7D2C-4028-AEDA-E0A22587D81E}"
EndProject
Project("{8BC9CEB8-8B4A-11D0-8D11-00A0C91BC942}") = "Q4_solution", "Q4_solution\Q4_solution.vcxproj", "{8C45A817-BDE5-4AFB-8BD0-3B677BEE218E}"
EndProject
Project("{8BC9CEB8-8B4A-11D0-8D11-00A0C91BC942}") = "Q5_solution", "Q5_solution\Q5_solution.vcxproj", "{7422665D-E812-47EF-B2B0-A4CA26C0557E}"
EndProject
Project("{8BC9CEB8-8B4A-11D0-8D11-00A0C91BC942}") = "Q6_solution", "Q6_solution\Q6_solution.vcxproj", "{E2FF51DA-62E0-4177-AB4A-CC21710D8C4B}"
EndProject
Project("{8BC9CEB8-8B4A-11D0-8D11-00A0C91BC942}") = "Q7_solution", "Q7_solution\Q7_solution.vcxproj", "{D8A4AFF4-D769-40E4-883A-16256CB5DA28}"
EndProject
Project("{8BC9CEB8-8B4A-11D0-8D11-00A0C91BC942}") = "Q8_solution", "Q8_solution\Q8_solution.vcxproj", "{3B07D117-B19C-494E-A472-3AE66EEDD6DF}"
EndProject
Project("{2150E333-8FDC-42A3-9474-1A3956D46DE8}") = "Q2_solution", "Q2_solution", "{129F7981-A162-4608-BF1F-86F9B6F38D34}"
	ProjectSection(SolutionItems) = preProject
		Q2_solution\Q2_answers.txt = Q2_solution\Q2_answers.txt
	EndProjectSection
EndProject
Global
	GlobalSection(SolutionConfigurationPlatforms) = preSolution
		Debug|x64 = Debug|x64
		Debug|x86 = Debug|x86
		Release|x64 = Release|x64
		Release|x86 = Release|x86
	EndGlobalSection
	GlobalSection(ProjectConfigurationPlatforms) = postSolution
		{DA257E06-7D4A-4A22-A4A7-4DDB41D75390}.Debug|x64.ActiveCfg = Debug|x64
		{DA257E06-7D4A-4A22-A4A7-4DDB41D75390}.Debug|x64.Build.0 = Debug|x64
		{DA257E06-7D4A-4A22-A4A7-4DDB41D75390}.Debug|x86.ActiveCfg = Debug|Win32
		{DA257E06-7D4A-4A22-A4A7-4DDB41D75390}.Debug|x86.Build.0 = Debug|Win32
		{DA257E06-7D4A-4A22-A4A7-4DDB41D75390}.Release|x64.ActiveCfg = Release|x64
		{DA257E06-7D4A-4A22-A4A7-4DDB41D75390}.Release|x64.Build.0 = Release|x64
		{DA257E06-7D4A-4A22-A4A7-4DDB41D75390}.Release|x86.ActiveCfg = Release|Win32
		{DA257E06-7D4A-4A22-A4A7-4DDB41D75390}.Release|x86.Build.0 = Release|Win32
		{E231F1C7-7D2C-4028-AEDA-E0A22587D81E}.Debug|x64.ActiveCfg = Debug|x64
		{E231F1C7-7D2C-4028-AEDA-E0A22587D81E}.Debug|x64.Build.0 = Debug|x64
		{E231F1C7-7D2C-4028-AEDA-E0A22587D81E}.Debug|x86.ActiveCfg = Debug|Win32
		{E231F1C7-7D2C-4028-AEDA-E0A22587D81E}.Debug|x86.Build.0 = Debug|Win32
		{E231F1C7-7D2C-4028-AEDA-E0A22587D81E}.Release|x64.ActiveCfg = Release|x64
		{E231F1C7-7D2C-4028-AEDA-E0A22587D81E}.Release|x64.Build.0 = Release|x64
		{E231F1C7-7D2C-4028-AEDA-E0A22587D81E}.Release|x86.ActiveCfg = Release|Win32
		{E231F1C7-7D2C-4028-AEDA-E0A22587D81E}.Release|x86.Build.0 = Release|Win32
		{8C45A817-BDE5-4AFB-8BD0-3B677BEE218E}.Debug|x64.ActiveCfg = Debug|x64
		{8C45A817-BDE5-4AFB-8BD0-3B677BEE218E}.Debug|x64.Build.0 = Debug|x64
		{8C45A817-BDE5-4AFB-8BD0-3B677BEE218E}.Debug|x86.ActiveCfg = Debug|Win32
		{8C45A817-BDE5-4AFB-8BD0-3B677BEE218E}.Debug|x86.Build.0 = Debug|Win32
		{8C45A817-BDE5-4AFB-8BD0-3B677BEE218E}.Release|x64.ActiveCfg = Release|x64
		{8C45A817-BDE5-4AFB-8BD0-3B677BEE218E}.Release|x64.Build.0 = Release|x64
		{8C45A817-BDE5-4AFB-8BD0-3B677BEE218E}.Release|x86.ActiveCfg = Release|Win32
		{8C45A817-BDE5-4AFB-8BD0-3B677BEE218E}.Release|x86.Build.0 = Release|Win32
		{7422665D-E812-47EF-B2B0-A4CA26C0557E}.Debug|x64.ActiveCfg = Debug|x64
		{7422665D-E812-47EF-B2B0-A4CA26C0557E}.Debug|x64.Build.0 = Debug|x64
		{7422665D-E812-47EF-B2B0-A4CA26C0557E}.Debug|x86.ActiveCfg = Debug|Win32
		{7422665D-E812-47EF-B2B0-A4CA26C0557E}.Debug|x86.Build.0 = Debug|Win32
		{7422665D-E812-47EF-B2B0-A4CA26C0557E}.Release|x64.ActiveCfg = Release|x64
		{7422665D-E812-47EF-B2B0-A4CA26C0557E}.Release|x64.Build.0 = Release|x64
		{7422665D-E812-47EF-B2B0-A4CA26C0557E}.Release|x86.ActiveCfg = Release|Win32
		{7422665D-E812-47EF-B2B0-A4CA26C0557E}.Release|x86.Build.0 = Release|Win32
		{E2FF51DA-62E0-4177-AB4A-CC21710D8C4B}.Debug|x64.ActiveCfg = Debug|x64
		{E2FF51DA-62E0-4177-AB4A-CC21710D8C4B}.Debug|x64.Build.0 = Debug|x64
		{E2FF51DA-62E0-4177-AB4A-CC21710D8C4B}.Debug|x86.ActiveCfg = Debug|Win32
		{E2FF51DA-62E0-4177-AB4A-CC21710D8C4B}.Debug|x86.Build.0 = Debug|Win32
		{E2FF51DA-62E0-4177-AB4A-CC21710D8C4B}.Release|x64.ActiveCfg = Release|x64
		{E2FF51DA-62E0-4177-AB4A-CC21710D8C4B}.Release|x64.Build.0 = Release|x64
		{E2FF51DA-62E0-4177-AB4A-CC21710D8C4B}.Release|x86.ActiveCfg = Release|Win32
		{E2FF51DA-62E0-4177-AB4A-CC21710D8C4B}.Release|x86.Build.0 = Release|Win32
		{D8A4AFF4-D769-40E4-883A-16256CB5DA28}.Debug|x64.ActiveCfg = Debug|x64
		{D8A4AFF4-D769-40E4-883A-16256CB5DA28}.Debug|x64.Build.0 = Debug|x64
		{D8A4AFF4-D769-40E4-883A-16256CB5DA28}.Debug|x86.ActiveCfg = Debug|Win32
		{D8A4AFF4-D769-40E4-883A-16256CB5DA28}.Debug|x86.Build.0 = Debug|Win32
		{D8A4AFF4-D769-40E4-883A-16256CB5DA28}.Release|x64.ActiveCfg = Release|x64
		{D8A4AFF4-D769-40E4-883A-16256CB5DA28}.Release|x64.Build.0 = Release|x64
		{D8A4AFF4-D769-40E4-883A-16256CB5DA28}.Release|x86.ActiveCfg = Release|Win32
		{D8A4AFF4-D769-40E4-883A-16256CB5DA28}.Release|x86.Build.0 = Release|Win32
		{3B07D117-B19C-494E-A472-3AE66EEDD6DF}.Debug|x64.ActiveCfg = Debug|x64
		{3B07D117-B19C-494E-A472-3AE66EEDD6DF}.Debug|x64.Build.0 = Debug|x64
		{3B07D117-B19C-494E-A472-3AE66EEDD6DF}.Debug|x86.ActiveCfg = Debug|Win32
		{3B07D117-B19C-494E-A472-3AE66EEDD6DF}.Debug|x86.Build.0 = Debug|Win32
		{3B07D117-B19C-494E-A472-3AE66EEDD6DF}.Release|x64.ActiveCfg = Release|x64
		{3B07D117-B19C-494E-A472-3AE66EEDD6DF}.Release|x64.Build.0 = Release|x64
		{3B07D117-B19C-494E-A472-3AE66EEDD6DF}.Release|x86.ActiveCfg = Release|Win32
		{3B07D117-B19C-494E-A472-3AE66EEDD6DF}.Release|x86.Build.0 = Release|Win32
	EndGlobalSection
	GlobalSection(SolutionProperties) = preSolution
		HideSolutionNode = FALSE
	EndGlobalSection
	GlobalSection(ExtensibilityGlobals) = postSolution
		SolutionGuid = {B5D09EFF-181E-475B-80A7-85FC40CDC43D}
	EndGlobalSection
EndGlobal
